
Microsoft Visual Studio Solution File, Format Version 12.00
# Visual Studio Version 17
VisualStudioVersion = 17.7.34009.444
MinimumVisualStudioVersion = 10.0.40219.1
Project("{FAE04EC0-301F-11D3-BF4B-00C04F79EFBC}") = "Modul15", "Modul15\Modul15.csproj", "{B070B0AE-3528-40C9-ACC2-38FE8B437A89}"
EndProject
Global
	GlobalSection(SolutionConfigurationPlatforms) = preSolution
		Debug|Any CPU = Debug|Any CPU
		Release|Any CPU = Release|Any CPU
	EndGlobalSection
	GlobalSection(ProjectConfigurationPlatforms) = postSolution
		{B070B0AE-3528-40C9-ACC2-38FE8B437A89}.Debug|Any CPU.ActiveCfg = Debug|Any CPU
		{B070B0AE-3528-40C9-ACC2-38FE8B437A89}.Debug|Any CPU.Build.0 = Debug|Any CPU
		{B070B0AE-3528-40C9-ACC2-38FE8B437A89}.Release|Any CPU.ActiveCfg = Release|Any CPU
		{B070B0AE-3528-40C9-ACC2-38FE8B437A89}.Release|Any CPU.Build.0 = Release|Any CPU
	EndGlobalSection
	GlobalSection(SolutionProperties) = preSolution
		HideSolutionNode = FALSE
	EndGlobalSection
	GlobalSection(ExtensibilityGlobals) = postSolution
		SolutionGuid = {88A9167B-6F0D-4731-A99D-6109C89DC53E}
	EndGlobalSection
EndGlobal
